
Microsoft Visual Studio Solution File, Format Version 12.00
# Visual Studio Version 16
VisualStudioVersion = 16.0.31624.102
MinimumVisualStudioVersion = 10.0.40219.1
Project("{FAE04EC0-301F-11D3-BF4B-00C04F79EFBC}") = "WebAppTime", "WebAppTime\WebAppTime.csproj", "{170378E2-7941-4CB2-A849-8BBD5CF83311}"
EndProject
Global
	GlobalSection(SolutionConfigurationPlatforms) = preSolution
		Debug|Any CPU = Debug|Any CPU
		Release|Any CPU = Release|Any CPU
	EndGlobalSection
	GlobalSection(ProjectConfigurationPlatforms) = postSolution
		{170378E2-7941-4CB2-A849-8BBD5CF83311}.Debug|Any CPU.ActiveCfg = Debug|Any CPU
		{170378E2-7941-4CB2-A849-8BBD5CF83311}.Debug|Any CPU.Build.0 = Debug|Any CPU
		{170378E2-7941-4CB2-A849-8BBD5CF83311}.Release|Any CPU.ActiveCfg = Release|Any CPU
		{170378E2-7941-4CB2-A849-8BBD5CF83311}.Release|Any CPU.Build.0 = Release|Any CPU
	EndGlobalSection
	GlobalSection(SolutionProperties) = preSolution
		HideSolutionNode = FALSE
	EndGlobalSection
	GlobalSection(ExtensibilityGlobals) = postSolution
		SolutionGuid = {2F08E569-8736-4072-9E25-14E10B8809FA}
	EndGlobalSection
EndGlobal
